// !$*UTF8*$!
{
	archiveVersion = 1;
	classes = {
	};
	objectVersion = 50;
	objects = {

/* Begin PBXBuildFile section */
		6D678514815AE8027043F130 /* Pods_FastlaneTest.framework in Frameworks */ = {isa = PBXBuildFile; fileRef = 61655338711DA776ABD4DB5E /* Pods_FastlaneTest.framework */; };
		81430ED022781C140008349C /* AppDelegate.swift in Sources */ = {isa = PBXBuildFile; fileRef = 81430ECF22781C140008349C /* AppDelegate.swift */; };
		81430ED222781C140008349C /* ViewController.swift in Sources */ = {isa = PBXBuildFile; fileRef = 81430ED122781C140008349C /* ViewController.swift */; };
		81430ED522781C140008349C /* Main.storyboard in Resources */ = {isa = PBXBuildFile; fileRef = 81430ED322781C140008349C /* Main.storyboard */; };
		81430ED722781C160008349C /* Assets.xcassets in Resources */ = {isa = PBXBuildFile; fileRef = 81430ED622781C160008349C /* Assets.xcassets */; };
		81430EDA22781C160008349C /* LaunchScreen.storyboard in Resources */ = {isa = PBXBuildFile; fileRef = 81430ED822781C160008349C /* LaunchScreen.storyboard */; };
		81430EE522781C160008349C /* FastlaneTestTests.swift in Sources */ = {isa = PBXBuildFile; fileRef = 81430EE422781C160008349C /* FastlaneTestTests.swift */; };
		81430EF022781C160008349C /* FastlaneTestUITests.swift in Sources */ = {isa = PBXBuildFile; fileRef = 81430EEF22781C160008349C /* FastlaneTestUITests.swift */; };
		AB740A62E79599A8D481D1CD /* Pods_FastlaneTestUITests.framework in Frameworks */ = {isa = PBXBuildFile; fileRef = D1AD053E91158DDDBBFE4E9F /* Pods_FastlaneTestUITests.framework */; };
		DCFFBD8116D2CE085A840798 /* Pods_FastlaneTestTests.framework in Frameworks */ = {isa = PBXBuildFile; fileRef = 7D3895393B19044A7D1A1BC9 /* Pods_FastlaneTestTests.framework */; };
/* End PBXBuildFile section */

/* Begin PBXContainerItemProxy section */
		81430EE122781C160008349C /* PBXContainerItemProxy */ = {
			isa = PBXContainerItemProxy;
			containerPortal = 81430EC422781C140008349C /* Project object */;
			proxyType = 1;
			remoteGlobalIDString = 81430ECB22781C140008349C;
			remoteInfo = FastlaneTest;
		};
		81430EEC22781C160008349C /* PBXContainerItemProxy */ = {
			isa = PBXContainerItemProxy;
			containerPortal = 81430EC422781C140008349C /* Project object */;
			proxyType = 1;
			remoteGlobalIDString = 81430ECB22781C140008349C;
			remoteInfo = FastlaneTest;
		};
/* End PBXContainerItemProxy section */

/* Begin PBXFileReference section */
		2DF5F6738EB0F74FA7DC1F58 /* Pods-FastlaneTestTests.release.xcconfig */ = {isa = PBXFileReference; includeInIndex = 1; lastKnownFileType = text.xcconfig; name = "Pods-FastlaneTestTests.release.xcconfig"; path = "Pods/Target Support Files/Pods-FastlaneTestTests/Pods-FastlaneTestTests.release.xcconfig"; sourceTree = "<group>"; };
		43917ED50DACEF9662196F6D /* Pods-FastlaneTestTests.debug.xcconfig */ = {isa = PBXFileReference; includeInIndex = 1; lastKnownFileType = text.xcconfig; name = "Pods-FastlaneTestTests.debug.xcconfig"; path = "Pods/Target Support Files/Pods-FastlaneTestTests/Pods-FastlaneTestTests.debug.xcconfig"; sourceTree = "<group>"; };
		56EC6EECAE6321C563BF89A0 /* Pods-FastlaneTestUITests.release.xcconfig */ = {isa = PBXFileReference; includeInIndex = 1; lastKnownFileType = text.xcconfig; name = "Pods-FastlaneTestUITests.release.xcconfig"; path = "Pods/Target Support Files/Pods-FastlaneTestUITests/Pods-FastlaneTestUITests.release.xcconfig"; sourceTree = "<group>"; };
		61655338711DA776ABD4DB5E /* Pods_FastlaneTest.framework */ = {isa = PBXFileReference; explicitFileType = wrapper.framework; includeInIndex = 0; path = Pods_FastlaneTest.framework; sourceTree = BUILT_PRODUCTS_DIR; };
		7248E9F24F25CE3F7CA95472 /* Pods-FastlaneTest.debug.xcconfig */ = {isa = PBXFileReference; includeInIndex = 1; lastKnownFileType = text.xcconfig; name = "Pods-FastlaneTest.debug.xcconfig"; path = "Pods/Target Support Files/Pods-FastlaneTest/Pods-FastlaneTest.debug.xcconfig"; sourceTree = "<group>"; };
		7D3895393B19044A7D1A1BC9 /* Pods_FastlaneTestTests.framework */ = {isa = PBXFileReference; explicitFileType = wrapper.framework; includeInIndex = 0; path = Pods_FastlaneTestTests.framework; sourceTree = BUILT_PRODUCTS_DIR; };
		81430ECC22781C140008349C /* FastlaneTest.app */ = {isa = PBXFileReference; explicitFileType = wrapper.application; includeInIndex = 0; path = FastlaneTest.app; sourceTree = BUILT_PRODUCTS_DIR; };
		81430ECF22781C140008349C /* AppDelegate.swift */ = {isa = PBXFileReference; lastKnownFileType = sourcecode.swift; path = AppDelegate.swift; sourceTree = "<group>"; };
		81430ED122781C140008349C /* ViewController.swift */ = {isa = PBXFileReference; lastKnownFileType = sourcecode.swift; path = ViewController.swift; sourceTree = "<group>"; };
		81430ED422781C140008349C /* Base */ = {isa = PBXFileReference; lastKnownFileType = file.storyboard; name = Base; path = Base.lproj/Main.storyboard; sourceTree = "<group>"; };
		81430ED622781C160008349C /* Assets.xcassets */ = {isa = PBXFileReference; lastKnownFileType = folder.assetcatalog; path = Assets.xcassets; sourceTree = "<group>"; };
		81430ED922781C160008349C /* Base */ = {isa = PBXFileReference; lastKnownFileType = file.storyboard; name = Base; path = Base.lproj/LaunchScreen.storyboard; sourceTree = "<group>"; };
		81430EDB22781C160008349C /* Info.plist */ = {isa = PBXFileReference; lastKnownFileType = text.plist.xml; path = Info.plist; sourceTree = "<group>"; };
		81430EE022781C160008349C /* FastlaneTestTests.xctest */ = {isa = PBXFileReference; explicitFileType = wrapper.cfbundle; includeInIndex = 0; path = FastlaneTestTests.xctest; sourceTree = BUILT_PRODUCTS_DIR; };
		81430EE422781C160008349C /* FastlaneTestTests.swift */ = {isa = PBXFileReference; lastKnownFileType = sourcecode.swift; path = FastlaneTestTests.swift; sourceTree = "<group>"; };
		81430EE622781C160008349C /* Info.plist */ = {isa = PBXFileReference; lastKnownFileType = text.plist.xml; path = Info.plist; sourceTree = "<group>"; };
		81430EEB22781C160008349C /* FastlaneTestUITests.xctest */ = {isa = PBXFileReference; explicitFileType = wrapper.cfbundle; includeInIndex = 0; path = FastlaneTestUITests.xctest; sourceTree = BUILT_PRODUCTS_DIR; };
		81430EEF22781C160008349C /* FastlaneTestUITests.swift */ = {isa = PBXFileReference; lastKnownFileType = sourcecode.swift; path = FastlaneTestUITests.swift; sourceTree = "<group>"; };
		81430EF122781C160008349C /* Info.plist */ = {isa = PBXFileReference; lastKnownFileType = text.plist.xml; path = Info.plist; sourceTree = "<group>"; };
		ABF4C0297F8BAA6E9AA45EA4 /* Pods-FastlaneTest.release.xcconfig */ = {isa = PBXFileReference; includeInIndex = 1; lastKnownFileType = text.xcconfig; name = "Pods-FastlaneTest.release.xcconfig"; path = "Pods/Target Support Files/Pods-FastlaneTest/Pods-FastlaneTest.release.xcconfig"; sourceTree = "<group>"; };
		D1AD053E91158DDDBBFE4E9F /* Pods_FastlaneTestUITests.framework */ = {isa = PBXFileReference; explicitFileType = wrapper.framework; includeInIndex = 0; path = Pods_FastlaneTestUITests.framework; sourceTree = BUILT_PRODUCTS_DIR; };
		D8901D52325CE3A1C125A2D8 /* Pods-FastlaneTestUITests.debug.xcconfig */ = {isa = PBXFileReference; includeInIndex = 1; lastKnownFileType = text.xcconfig; name = "Pods-FastlaneTestUITests.debug.xcconfig"; path = "Pods/Target Support Files/Pods-FastlaneTestUITests/Pods-FastlaneTestUITests.debug.xcconfig"; sourceTree = "<group>"; };
/* End PBXFileReference section */

/* Begin PBXFrameworksBuildPhase section */
		81430EC922781C140008349C /* Frameworks */ = {
			isa = PBXFrameworksBuildPhase;
			buildActionMask = 2147483647;
			files = (
				6D678514815AE8027043F130 /* Pods_FastlaneTest.framework in Frameworks */,
			);
			runOnlyForDeploymentPostprocessing = 0;
		};
		81430EDD22781C160008349C /* Frameworks */ = {
			isa = PBXFrameworksBuildPhase;
			buildActionMask = 2147483647;
			files = (
				DCFFBD8116D2CE085A840798 /* Pods_FastlaneTestTests.framework in Frameworks */,
			);
			runOnlyForDeploymentPostprocessing = 0;
		};
		81430EE822781C160008349C /* Frameworks */ = {
			isa = PBXFrameworksBuildPhase;
			buildActionMask = 2147483647;
			files = (
				AB740A62E79599A8D481D1CD /* Pods_FastlaneTestUITests.framework in Frameworks */,
			);
			runOnlyForDeploymentPostprocessing = 0;
		};
/* End PBXFrameworksBuildPhase section */

/* Begin PBXGroup section */
		3E0DDB2AC501E0F0CDA03646 /* Pods */ = {
			isa = PBXGroup;
			children = (
				7248E9F24F25CE3F7CA95472 /* Pods-FastlaneTest.debug.xcconfig */,
				ABF4C0297F8BAA6E9AA45EA4 /* Pods-FastlaneTest.release.xcconfig */,
				43917ED50DACEF9662196F6D /* Pods-FastlaneTestTests.debug.xcconfig */,
				2DF5F6738EB0F74FA7DC1F58 /* Pods-FastlaneTestTests.release.xcconfig */,
				D8901D52325CE3A1C125A2D8 /* Pods-FastlaneTestUITests.debug.xcconfig */,
				56EC6EECAE6321C563BF89A0 /* Pods-FastlaneTestUITests.release.xcconfig */,
			);
			name = Pods;
			sourceTree = "<group>";
		};
		81430EC322781C140008349C = {
			isa = PBXGroup;
			children = (
				81430ECE22781C140008349C /* FastlaneTest */,
				81430EE322781C160008349C /* FastlaneTestTests */,
				81430EEE22781C160008349C /* FastlaneTestUITests */,
				81430ECD22781C140008349C /* Products */,
				3E0DDB2AC501E0F0CDA03646 /* Pods */,
				881187F42248FD0665D5E5C6 /* Frameworks */,
			);
			sourceTree = "<group>";
		};
		81430ECD22781C140008349C /* Products */ = {
			isa = PBXGroup;
			children = (
				81430ECC22781C140008349C /* FastlaneTest.app */,
				81430EE022781C160008349C /* FastlaneTestTests.xctest */,
				81430EEB22781C160008349C /* FastlaneTestUITests.xctest */,
			);
			name = Products;
			sourceTree = "<group>";
		};
		81430ECE22781C140008349C /* FastlaneTest */ = {
			isa = PBXGroup;
			children = (
				81430ECF22781C140008349C /* AppDelegate.swift */,
				81430ED122781C140008349C /* ViewController.swift */,
				81430ED322781C140008349C /* Main.storyboard */,
				81430ED622781C160008349C /* Assets.xcassets */,
				81430ED822781C160008349C /* LaunchScreen.storyboard */,
				81430EDB22781C160008349C /* Info.plist */,
			);
			path = FastlaneTest;
			sourceTree = "<group>";
		};
		81430EE322781C160008349C /* FastlaneTestTests */ = {
			isa = PBXGroup;
			children = (
				81430EE422781C160008349C /* FastlaneTestTests.swift */,
				81430EE622781C160008349C /* Info.plist */,
			);
			path = FastlaneTestTests;
			sourceTree = "<group>";
		};
		81430EEE22781C160008349C /* FastlaneTestUITests */ = {
			isa = PBXGroup;
			children = (
				81430EEF22781C160008349C /* FastlaneTestUITests.swift */,
				81430EF122781C160008349C /* Info.plist */,
			);
			path = FastlaneTestUITests;
			sourceTree = "<group>";
		};
		881187F42248FD0665D5E5C6 /* Frameworks */ = {
			isa = PBXGroup;
			children = (
				61655338711DA776ABD4DB5E /* Pods_FastlaneTest.framework */,
				7D3895393B19044A7D1A1BC9 /* Pods_FastlaneTestTests.framework */,
				D1AD053E91158DDDBBFE4E9F /* Pods_FastlaneTestUITests.framework */,
			);
			name = Frameworks;
			sourceTree = "<group>";
		};
/* End PBXGroup section */

/* Begin PBXNativeTarget section */
		81430ECB22781C140008349C /* FastlaneTest */ = {
			isa = PBXNativeTarget;
			buildConfigurationList = 81430EF422781C160008349C /* Build configuration list for PBXNativeTarget "FastlaneTest" */;
			buildPhases = (
				FA01D1614F3B7B568D3F3D52 /* [CP] Check Pods Manifest.lock */,
				81430EC822781C140008349C /* Sources */,
				81430EC922781C140008349C /* Frameworks */,
				81430ECA22781C140008349C /* Resources */,
			);
			buildRules = (
			);
			dependencies = (
			);
			name = FastlaneTest;
			productName = FastlaneTest;
			productReference = 81430ECC22781C140008349C /* FastlaneTest.app */;
			productType = "com.apple.product-type.application";
		};
		81430EDF22781C160008349C /* FastlaneTestTests */ = {
			isa = PBXNativeTarget;
			buildConfigurationList = 81430EF722781C160008349C /* Build configuration list for PBXNativeTarget "FastlaneTestTests" */;
			buildPhases = (
				F89540D31F483EF620397E64 /* [CP] Check Pods Manifest.lock */,
				81430EDC22781C160008349C /* Sources */,
				81430EDD22781C160008349C /* Frameworks */,
				81430EDE22781C160008349C /* Resources */,
			);
			buildRules = (
			);
			dependencies = (
				81430EE222781C160008349C /* PBXTargetDependency */,
			);
			name = FastlaneTestTests;
			productName = FastlaneTestTests;
			productReference = 81430EE022781C160008349C /* FastlaneTestTests.xctest */;
			productType = "com.apple.product-type.bundle.unit-test";
		};
		81430EEA22781C160008349C /* FastlaneTestUITests */ = {
			isa = PBXNativeTarget;
			buildConfigurationList = 81430EFA22781C160008349C /* Build configuration list for PBXNativeTarget "FastlaneTestUITests" */;
			buildPhases = (
				2839D168731B6A3E871E7C17 /* [CP] Check Pods Manifest.lock */,
				81430EE722781C160008349C /* Sources */,
				81430EE822781C160008349C /* Frameworks */,
				81430EE922781C160008349C /* Resources */,
			);
			buildRules = (
			);
			dependencies = (
				81430EED22781C160008349C /* PBXTargetDependency */,
			);
			name = FastlaneTestUITests;
			productName = FastlaneTestUITests;
			productReference = 81430EEB22781C160008349C /* FastlaneTestUITests.xctest */;
			productType = "com.apple.product-type.bundle.ui-testing";
		};
/* End PBXNativeTarget section */

/* Begin PBXProject section */
		81430EC422781C140008349C /* Project object */ = {
			isa = PBXProject;
			attributes = {
				LastSwiftUpdateCheck = 1010;
				LastUpgradeCheck = 1010;
				ORGANIZATIONNAME = ju;
				TargetAttributes = {
					81430ECB22781C140008349C = {
						CreatedOnToolsVersion = 10.1;
					};
					81430EDF22781C160008349C = {
						CreatedOnToolsVersion = 10.1;
						TestTargetID = 81430ECB22781C140008349C;
					};
					81430EEA22781C160008349C = {
						CreatedOnToolsVersion = 10.1;
						TestTargetID = 81430ECB22781C140008349C;
					};
				};
			};
			buildConfigurationList = 81430EC722781C140008349C /* Build configuration list for PBXProject "FastlaneTest" */;
			compatibilityVersion = "Xcode 9.3";
			developmentRegion = en;
			hasScannedForEncodings = 0;
			knownRegions = (
				en,
				Base,
			);
			mainGroup = 81430EC322781C140008349C;
			productRefGroup = 81430ECD22781C140008349C /* Products */;
			projectDirPath = "";
			projectRoot = "";
			targets = (
				81430ECB22781C140008349C /* FastlaneTest */,
				81430EDF22781C160008349C /* FastlaneTestTests */,
				81430EEA22781C160008349C /* FastlaneTestUITests */,
			);
		};
/* End PBXProject section */

/* Begin PBXResourcesBuildPhase section */
		81430ECA22781C140008349C /* Resources */ = {
			isa = PBXResourcesBuildPhase;
			buildActionMask = 2147483647;
			files = (
				81430EDA22781C160008349C /* LaunchScreen.storyboard in Resources */,
				81430ED722781C160008349C /* Assets.xcassets in Resources */,
				81430ED522781C140008349C /* Main.storyboard in Resources */,
			);
			runOnlyForDeploymentPostprocessing = 0;
		};
		81430EDE22781C160008349C /* Resources */ = {
			isa = PBXResourcesBuildPhase;
			buildActionMask = 2147483647;
			files = (
			);
			runOnlyForDeploymentPostprocessing = 0;
		};
		81430EE922781C160008349C /* Resources */ = {
			isa = PBXResourcesBuildPhase;
			buildActionMask = 2147483647;
			files = (
			);
			runOnlyForDeploymentPostprocessing = 0;
		};
/* End PBXResourcesBuildPhase section */

/* Begin PBXShellScriptBuildPhase section */
		2839D168731B6A3E871E7C17 /* [CP] Check Pods Manifest.lock */ = {
			isa = PBXShellScriptBuildPhase;
			buildActionMask = 2147483647;
			files = (
			);
			inputFileListPaths = (
			);
			inputPaths = (
				"${PODS_PODFILE_DIR_PATH}/Podfile.lock",
				"${PODS_ROOT}/Manifest.lock",
			);
			name = "[CP] Check Pods Manifest.lock";
			outputFileListPaths = (
			);
			outputPaths = (
				"$(DERIVED_FILE_DIR)/Pods-FastlaneTestUITests-checkManifestLockResult.txt",
			);
			runOnlyForDeploymentPostprocessing = 0;
			shellPath = /bin/sh;
			shellScript = "diff \"${PODS_PODFILE_DIR_PATH}/Podfile.lock\" \"${PODS_ROOT}/Manifest.lock\" > /dev/null\nif [ $? != 0 ] ; then\n    # print error to STDERR\n    echo \"error: The sandbox is not in sync with the Podfile.lock. Run 'pod install' or update your CocoaPods installation.\" >&2\n    exit 1\nfi\n# This output is used by Xcode 'outputs' to avoid re-running this script phase.\necho \"SUCCESS\" > \"${SCRIPT_OUTPUT_FILE_0}\"\n";
			showEnvVarsInLog = 0;
		};
		F89540D31F483EF620397E64 /* [CP] Check Pods Manifest.lock */ = {
			isa = PBXShellScriptBuildPhase;
			buildActionMask = 2147483647;
			files = (
			);
			inputFileListPaths = (
			);
			inputPaths = (
				"${PODS_PODFILE_DIR_PATH}/Podfile.lock",
				"${PODS_ROOT}/Manifest.lock",
			);
			name = "[CP] Check Pods Manifest.lock";
			outputFileListPaths = (
			);
			outputPaths = (
				"$(DERIVED_FILE_DIR)/Pods-FastlaneTestTests-checkManifestLockResult.txt",
			);
			runOnlyForDeploymentPostprocessing = 0;
			shellPath = /bin/sh;
			shellScript = "diff \"${PODS_PODFILE_DIR_PATH}/Podfile.lock\" \"${PODS_ROOT}/Manifest.lock\" > /dev/null\nif [ $? != 0 ] ; then\n    # print error to STDERR\n    echo \"error: The sandbox is not in sync with the Podfile.lock. Run 'pod install' or update your CocoaPods installation.\" >&2\n    exit 1\nfi\n# This output is used by Xcode 'outputs' to avoid re-running this script phase.\necho \"SUCCESS\" > \"${SCRIPT_OUTPUT_FILE_0}\"\n";
			showEnvVarsInLog = 0;
		};
		FA01D1614F3B7B568D3F3D52 /* [CP] Check Pods Manifest.lock */ = {
			isa = PBXShellScriptBuildPhase;
			buildActionMask = 2147483647;
			files = (
			);
			inputFileListPaths = (
			);
			inputPaths = (
				"${PODS_PODFILE_DIR_PATH}/Podfile.lock",
				"${PODS_ROOT}/Manifest.lock",
			);
			name = "[CP] Check Pods Manifest.lock";
			outputFileListPaths = (
			);
			outputPaths = (
				"$(DERIVED_FILE_DIR)/Pods-FastlaneTest-checkManifestLockResult.txt",
			);
			runOnlyForDeploymentPostprocessing = 0;
			shellPath = /bin/sh;
			shellScript = "diff \"${PODS_PODFILE_DIR_PATH}/Podfile.lock\" \"${PODS_ROOT}/Manifest.lock\" > /dev/null\nif [ $? != 0 ] ; then\n    # print error to STDERR\n    echo \"error: The sandbox is not in sync with the Podfile.lock. Run 'pod install' or update your CocoaPods installation.\" >&2\n    exit 1\nfi\n# This output is used by Xcode 'outputs' to avoid re-running this script phase.\necho \"SUCCESS\" > \"${SCRIPT_OUTPUT_FILE_0}\"\n";
			showEnvVarsInLog = 0;
		};
/* End PBXShellScriptBuildPhase section */

/* Begin PBXSourcesBuildPhase section */
		81430EC822781C140008349C /* Sources */ = {
			isa = PBXSourcesBuildPhase;
			buildActionMask = 2147483647;
			files = (
				81430ED222781C140008349C /* ViewController.swift in Sources */,
				81430ED022781C140008349C /* AppDelegate.swift in Sources */,
			);
			runOnlyForDeploymentPostprocessing = 0;
		};
		81430EDC22781C160008349C /* Sources */ = {
			isa = PBXSourcesBuildPhase;
			buildActionMask = 2147483647;
			files = (
				81430EE522781C160008349C /* FastlaneTestTests.swift in Sources */,
			);
			runOnlyForDeploymentPostprocessing = 0;
		};
		81430EE722781C160008349C /* Sources */ = {
			isa = PBXSourcesBuildPhase;
			buildActionMask = 2147483647;
			files = (
				81430EF022781C160008349C /* FastlaneTestUITests.swift in Sources */,
			);
			runOnlyForDeploymentPostprocessing = 0;
		};
/* End PBXSourcesBuildPhase section */

/* Begin PBXTargetDependency section */
		81430EE222781C160008349C /* PBXTargetDependency */ = {
			isa = PBXTargetDependency;
			target = 81430ECB22781C140008349C /* FastlaneTest */;
			targetProxy = 81430EE122781C160008349C /* PBXContainerItemProxy */;
		};
		81430EED22781C160008349C /* PBXTargetDependency */ = {
			isa = PBXTargetDependency;
			target = 81430ECB22781C140008349C /* FastlaneTest */;
			targetProxy = 81430EEC22781C160008349C /* PBXContainerItemProxy */;
		};
/* End PBXTargetDependency section */

/* Begin PBXVariantGroup section */
		81430ED322781C140008349C /* Main.storyboard */ = {
			isa = PBXVariantGroup;
			children = (
				81430ED422781C140008349C /* Base */,
			);
			name = Main.storyboard;
			sourceTree = "<group>";
		};
		81430ED822781C160008349C /* LaunchScreen.storyboard */ = {
			isa = PBXVariantGroup;
			children = (
				81430ED922781C160008349C /* Base */,
			);
			name = LaunchScreen.storyboard;
			sourceTree = "<group>";
		};
/* End PBXVariantGroup section */

/* Begin XCBuildConfiguration section */
		81430EF222781C160008349C /* Debug */ = {
			isa = XCBuildConfiguration;
			buildSettings = {
				ALWAYS_SEARCH_USER_PATHS = NO;
				CLANG_ANALYZER_NONNULL = YES;
				CLANG_ANALYZER_NUMBER_OBJECT_CONVERSION = YES_AGGRESSIVE;
				CLANG_CXX_LANGUAGE_STANDARD = "gnu++14";
				CLANG_CXX_LIBRARY = "libc++";
				CLANG_ENABLE_MODULES = YES;
				CLANG_ENABLE_OBJC_ARC = YES;
				CLANG_ENABLE_OBJC_WEAK = YES;
				CLANG_WARN_BLOCK_CAPTURE_AUTORELEASING = YES;
				CLANG_WARN_BOOL_CONVERSION = YES;
				CLANG_WARN_COMMA = YES;
				CLANG_WARN_CONSTANT_CONVERSION = YES;
				CLANG_WARN_DEPRECATED_OBJC_IMPLEMENTATIONS = YES;
				CLANG_WARN_DIRECT_OBJC_ISA_USAGE = YES_ERROR;
				CLANG_WARN_DOCUMENTATION_COMMENTS = YES;
				CLANG_WARN_EMPTY_BODY = YES;
				CLANG_WARN_ENUM_CONVERSION = YES;
				CLANG_WARN_INFINITE_RECURSION = YES;
				CLANG_WARN_INT_CONVERSION = YES;
				CLANG_WARN_NON_LITERAL_NULL_CONVERSION = YES;
				CLANG_WARN_OBJC_IMPLICIT_RETAIN_SELF = YES;
				CLANG_WARN_OBJC_LITERAL_CONVERSION = YES;
				CLANG_WARN_OBJC_ROOT_CLASS = YES_ERROR;
				CLANG_WARN_RANGE_LOOP_ANALYSIS = YES;
				CLANG_WARN_STRICT_PROTOTYPES = YES;
				CLANG_WARN_SUSPICIOUS_MOVE = YES;
				CLANG_WARN_UNGUARDED_AVAILABILITY = YES_AGGRESSIVE;
				CLANG_WARN_UNREACHABLE_CODE = YES;
				CLANG_WARN__DUPLICATE_METHOD_MATCH = YES;
				CODE_SIGN_IDENTITY = "iPhone Developer";
				COPY_PHASE_STRIP = NO;
				DEBUG_INFORMATION_FORMAT = dwarf;
				ENABLE_STRICT_OBJC_MSGSEND = YES;
				ENABLE_TESTABILITY = YES;
				GCC_C_LANGUAGE_STANDARD = gnu11;
				GCC_DYNAMIC_NO_PIC = NO;
				GCC_NO_COMMON_BLOCKS = YES;
				GCC_OPTIMIZATION_LEVEL = 0;
				GCC_PREPROCESSOR_DEFINITIONS = (
					"DEBUG=1",
					"$(inherited)",
				);
				GCC_WARN_64_TO_32_BIT_CONVERSION = YES;
				GCC_WARN_ABOUT_RETURN_TYPE = YES_ERROR;
				GCC_WARN_UNDECLARED_SELECTOR = YES;
				GCC_WARN_UNINITIALIZED_AUTOS = YES_AGGRESSIVE;
				GCC_WARN_UNUSED_FUNCTION = YES;
				GCC_WARN_UNUSED_VARIABLE = YES;
				IPHONEOS_DEPLOYMENT_TARGET = 12.1;
				MTL_ENABLE_DEBUG_INFO = INCLUDE_SOURCE;
				MTL_FAST_MATH = YES;
				ONLY_ACTIVE_ARCH = YES;
				SDKROOT = iphoneos;
				SWIFT_ACTIVE_COMPILATION_CONDITIONS = DEBUG;
				SWIFT_OPTIMIZATION_LEVEL = "-Onone";
			};
			name = Debug;
		};
		81430EF322781C160008349C /* Release */ = {
			isa = XCBuildConfiguration;
			buildSettings = {
				ALWAYS_SEARCH_USER_PATHS = NO;
				CLANG_ANALYZER_NONNULL = YES;
				CLANG_ANALYZER_NUMBER_OBJECT_CONVERSION = YES_AGGRESSIVE;
				CLANG_CXX_LANGUAGE_STANDARD = "gnu++14";
				CLANG_CXX_LIBRARY = "libc++";
				CLANG_ENABLE_MODULES = YES;
				CLANG_ENABLE_OBJC_ARC = YES;
				CLANG_ENABLE_OBJC_WEAK = YES;
				CLANG_WARN_BLOCK_CAPTURE_AUTORELEASING = YES;
				CLANG_WARN_BOOL_CONVERSION = YES;
				CLANG_WARN_COMMA = YES;
				CLANG_WARN_CONSTANT_CONVERSION = YES;
				CLANG_WARN_DEPRECATED_OBJC_IMPLEMENTATIONS = YES;
				CLANG_WARN_DIRECT_OBJC_ISA_USAGE = YES_ERROR;
				CLANG_WARN_DOCUMENTATION_COMMENTS = YES;
				CLANG_WARN_EMPTY_BODY = YES;
				CLANG_WARN_ENUM_CONVERSION = YES;
				CLANG_WARN_INFINITE_RECURSION = YES;
				CLANG_WARN_INT_CONVERSION = YES;
				CLANG_WARN_NON_LITERAL_NULL_CONVERSION = YES;
				CLANG_WARN_OBJC_IMPLICIT_RETAIN_SELF = YES;
				CLANG_WARN_OBJC_LITERAL_CONVERSION = YES;
				CLANG_WARN_OBJC_ROOT_CLASS = YES_ERROR;
				CLANG_WARN_RANGE_LOOP_ANALYSIS = YES;
				CLANG_WARN_STRICT_PROTOTYPES = YES;
				CLANG_WARN_SUSPICIOUS_MOVE = YES;
				CLANG_WARN_UNGUARDED_AVAILABILITY = YES_AGGRESSIVE;
				CLANG_WARN_UNREACHABLE_CODE = YES;
				CLANG_WARN__DUPLICATE_METHOD_MATCH = YES;
				CODE_SIGN_IDENTITY = "iPhone Developer";
				COPY_PHASE_STRIP = NO;
				DEBUG_INFORMATION_FORMAT = "dwarf-with-dsym";
				ENABLE_NS_ASSERTIONS = NO;
				ENABLE_STRICT_OBJC_MSGSEND = YES;
				GCC_C_LANGUAGE_STANDARD = gnu11;
				GCC_NO_COMMON_BLOCKS = YES;
				GCC_WARN_64_TO_32_BIT_CONVERSION = YES;
				GCC_WARN_ABOUT_RETURN_TYPE = YES_ERROR;
				GCC_WARN_UNDECLARED_SELECTOR = YES;
				GCC_WARN_UNINITIALIZED_AUTOS = YES_AGGRESSIVE;
				GCC_WARN_UNUSED_FUNCTION = YES;
				GCC_WARN_UNUSED_VARIABLE = YES;
				IPHONEOS_DEPLOYMENT_TARGET = 12.1;
				MTL_ENABLE_DEBUG_INFO = NO;
				MTL_FAST_MATH = YES;
				SDKROOT = iphoneos;
				SWIFT_COMPILATION_MODE = wholemodule;
				SWIFT_OPTIMIZATION_LEVEL = "-O";
				VALIDATE_PRODUCT = YES;
			};
			name = Release;
		};
		81430EF522781C160008349C /* Debug */ = {
			isa = XCBuildConfiguration;
			baseConfigurationReference = 7248E9F24F25CE3F7CA95472 /* Pods-FastlaneTest.debug.xcconfig */;
			buildSettings = {
				ASSETCATALOG_COMPILER_APPICON_NAME = AppIcon;
				CODE_SIGN_STYLE = Manual;
				DEVELOPMENT_TEAM = VQHC4XR7AG;
				INFOPLIST_FILE = FastlaneTest/Info.plist;
				IPHONEOS_DEPLOYMENT_TARGET = 9.0;
				LD_RUNPATH_SEARCH_PATHS = (
					"$(inherited)",
					"@executable_path/Frameworks",
				);
				PRODUCT_BUNDLE_IDENTIFIER = com.ju.platonWallet;
				PRODUCT_NAME = "$(TARGET_NAME)";
				PROVISIONING_PROFILE_SPECIFIER = yujinghan_dev;
				SWIFT_VERSION = 4.2;
				TARGETED_DEVICE_FAMILY = "1,2";
			};
			name = Debug;
		};
		81430EF622781C160008349C /* Release */ = {
			isa = XCBuildConfiguration;
			baseConfigurationReference = ABF4C0297F8BAA6E9AA45EA4 /* Pods-FastlaneTest.release.xcconfig */;
			buildSettings = {
				ASSETCATALOG_COMPILER_APPICON_NAME = AppIcon;
				CODE_SIGN_IDENTITY = "iPhone Distribution";
				CODE_SIGN_STYLE = Manual;
				DEVELOPMENT_TEAM = VQHC4XR7AG;
				INFOPLIST_FILE = FastlaneTest/Info.plist;
				IPHONEOS_DEPLOYMENT_TARGET = 9.0;
				LD_RUNPATH_SEARCH_PATHS = (
					"$(inherited)",
					"@executable_path/Frameworks",
				);
				PRODUCT_BUNDLE_IDENTIFIER = com.ju.platonWallet;
				PRODUCT_NAME = "$(TARGET_NAME)";
				PROVISIONING_PROFILE_SPECIFIER = adhoc_WildCard_new;
				SWIFT_VERSION = 4.2;
				TARGETED_DEVICE_FAMILY = "1,2";
			};
			name = Release;
		};
		81430EF822781C160008349C /* Debug */ = {
			isa = XCBuildConfiguration;
			baseConfigurationReference = 43917ED50DACEF9662196F6D /* Pods-FastlaneTestTests.debug.xcconfig */;
			buildSettings = {
				ALWAYS_EMBED_SWIFT_STANDARD_LIBRARIES = YES;
				BUNDLE_LOADER = "$(TEST_HOST)";
				CODE_SIGN_STYLE = Automatic;
				DEVELOPMENT_TEAM = VQHC4XR7AG;
				INFOPLIST_FILE = FastlaneTestTests/Info.plist;
				LD_RUNPATH_SEARCH_PATHS = (
					"$(inherited)",
					"@executable_path/Frameworks",
					"@loader_path/Frameworks",
				);
				PRODUCT_BUNDLE_IDENTIFIER = com.ju.FastlaneTestTests;
				PRODUCT_NAME = "$(TARGET_NAME)";
				SWIFT_VERSION = 4.2;
				TARGETED_DEVICE_FAMILY = "1,2";
				TEST_HOST = "$(BUILT_PRODUCTS_DIR)/FastlaneTest.app/FastlaneTest";
			};
			name = Debug;
		};
		81430EF922781C160008349C /* Release */ = {
			isa = XCBuildConfiguration;
			baseConfigurationReference = 2DF5F6738EB0F74FA7DC1F58 /* Pods-FastlaneTestTests.release.xcconfig */;
			buildSettings = {
				ALWAYS_EMBED_SWIFT_STANDARD_LIBRARIES = YES;
				BUNDLE_LOADER = "$(TEST_HOST)";
				CODE_SIGN_STYLE = Automatic;
				DEVELOPMENT_TEAM = VQHC4XR7AG;
				INFOPLIST_FILE = FastlaneTestTests/Info.plist;
				LD_RUNPATH_SEARCH_PATHS = (
					"$(inherited)",
					"@executable_path/Frameworks",
					"@loader_path/Frameworks",
				);
				PRODUCT_BUNDLE_IDENTIFIER = com.ju.FastlaneTestTests;
				PRODUCT_NAME = "$(TARGET_NAME)";
				SWIFT_VERSION = 4.2;
				TARGETED_DEVICE_FAMILY = "1,2";
				TEST_HOST = "$(BUILT_PRODUCTS_DIR)/FastlaneTest.app/FastlaneTest";
			};
			name = Release;
		};
		81430EFB22781C160008349C /* Debug */ = {
			isa = XCBuildConfiguration;
			baseConfigurationReference = D8901D52325CE3A1C125A2D8 /* Pods-FastlaneTestUITests.debug.xcconfig */;
			buildSettings = {
				ALWAYS_EMBED_SWIFT_STANDARD_LIBRARIES = YES;
				CODE_SIGN_STYLE = Automatic;
				DEVELOPMENT_TEAM = VQHC4XR7AG;
				INFOPLIST_FILE = FastlaneTestUITests/Info.plist;
				LD_RUNPATH_SEARCH_PATHS = (
					"$(inherited)",
					"@executable_path/Frameworks",
					"@loader_path/Frameworks",
				);
				PRODUCT_BUNDLE_IDENTIFIER = com.ju.FastlaneTestUITests;
				PRODUCT_NAME = "$(TARGET_NAME)";
				SWIFT_VERSION = 4.2;
				TARGETED_DEVICE_FAMILY = "1,2";
				TEST_TARGET_NAME = FastlaneTest;
			};
			name = Debug;
		};
		81430EFC22781C160008349C /* Release */ = {
			isa = XCBuildConfiguration;
			baseConfigurationReference = 56EC6EECAE6321C563BF89A0 /* Pods-FastlaneTestUITests.release.xcconfig */;
			buildSettings = {
				ALWAYS_EMBED_SWIFT_STANDARD_LIBRARIES = YES;
				CODE_SIGN_STYLE = Automatic;
				DEVELOPMENT_TEAM = VQHC4XR7AG;
				INFOPLIST_FILE = FastlaneTestUITests/Info.plist;
				LD_RUNPATH_SEARCH_PATHS = (
					"$(inherited)",
					"@executable_path/Frameworks",
					"@loader_path/Frameworks",
				);
				PRODUCT_BUNDLE_IDENTIFIER = com.ju.FastlaneTestUITests;
				PRODUCT_NAME = "$(TARGET_NAME)";
				SWIFT_VERSION = 4.2;
				TARGETED_DEVICE_FAMILY = "1,2";
				TEST_TARGET_NAME = FastlaneTest;
			};
			name = Release;
		};
/* End XCBuildConfiguration section */

/* Begin XCConfigurationList section */
		81430EC722781C140008349C /* Build configuration list for PBXProject "FastlaneTest" */ = {
			isa = XCConfigurationList;
			buildConfigurations = (
				81430EF222781C160008349C /* Debug */,
				81430EF322781C160008349C /* Release */,
			);
			defaultConfigurationIsVisible = 0;
			defaultConfigurationName = Release;
		};
		81430EF422781C160008349C /* Build configuration list for PBXNativeTarget "FastlaneTest" */ = {
			isa = XCConfigurationList;
			buildConfigurations = (
				81430EF522781C160008349C /* Debug */,
				81430EF622781C160008349C /* Release */,
			);
			defaultConfigurationIsVisible = 0;
			defaultConfigurationName = Release;
		};
		81430EF722781C160008349C /* Build configuration list for PBXNativeTarget "FastlaneTestTests" */ = {
			isa = XCConfigurationList;
			buildConfigurations = (
				81430EF822781C160008349C /* Debug */,
				81430EF922781C160008349C /* Release */,
			);
			defaultConfigurationIsVisible = 0;
			defaultConfigurationName = Release;
		};
		81430EFA22781C160008349C /* Build configuration list for PBXNativeTarget "FastlaneTestUITests" */ = {
			isa = XCConfigurationList;
			buildConfigurations = (
				81430EFB22781C160008349C /* Debug */,
				81430EFC22781C160008349C /* Release */,
			);
			defaultConfigurationIsVisible = 0;
			defaultConfigurationName = Release;
		};
/* End XCConfigurationList section */
	};
	rootObject = 81430EC422781C140008349C /* Project object */;
}
